
Microsoft Visual Studio Solution File, Format Version 12.00
# Visual Studio Version 16
VisualStudioVersion = 16.0.30503.244
MinimumVisualStudioVersion = 10.0.40219.1
Project("{888888A0-9F3D-457C-B088-3A5042F75D52}") = "PyWorklistServer", "PyWorklistServer.pyproj", "{E0FEF9FA-3D65-4FDD-B303-ECCFE66F4322}"
EndProject
Global
	GlobalSection(SolutionConfigurationPlatforms) = preSolution
		Debug|Any CPU = Debug|Any CPU
		Release|Any CPU = Release|Any CPU
	EndGlobalSection
	GlobalSection(ProjectConfigurationPlatforms) = postSolution
		{E0FEF9FA-3D65-4FDD-B303-ECCFE66F4322}.Debug|Any CPU.ActiveCfg = Debug|Any CPU
		{E0FEF9FA-3D65-4FDD-B303-ECCFE66F4322}.Release|Any CPU.ActiveCfg = Release|Any CPU
	EndGlobalSection
	GlobalSection(SolutionProperties) = preSolution
		HideSolutionNode = FALSE
	EndGlobalSection
	GlobalSection(ExtensibilityGlobals) = postSolution
		SolutionGuid = {290D77F8-ED15-4CE0-B5C7-B83B956773BA}
	EndGlobalSection
EndGlobal
